
Microsoft Visual Studio Solution File, Format Version 12.00
# Visual Studio Version 16
VisualStudioVersion = 16.0.31205.134
MinimumVisualStudioVersion = 10.0.40219.1
Project("{8BC9CEB8-8B4A-11D0-8D11-00A0C91BC942}") = "ConsoleApplication44", "ConsoleApplication44\ConsoleApplication44.vcxproj", "{486FBA7C-6F66-44C4-A8ED-72612C9B9479}"
EndProject
Global
	GlobalSection(SolutionConfigurationPlatforms) = preSolution
		Debug|x64 = Debug|x64
		Debug|x86 = Debug|x86
		Release|x64 = Release|x64
		Release|x86 = Release|x86
	EndGlobalSection
	GlobalSection(ProjectConfigurationPlatforms) = postSolution
		{486FBA7C-6F66-44C4-A8ED-72612C9B9479}.Debug|x64.ActiveCfg = Debug|x64
		{486FBA7C-6F66-44C4-A8ED-72612C9B9479}.Debug|x64.Build.0 = Debug|x64
		{486FBA7C-6F66-44C4-A8ED-72612C9B9479}.Debug|x86.ActiveCfg = Debug|Win32
		{486FBA7C-6F66-44C4-A8ED-72612C9B9479}.Debug|x86.Build.0 = Debug|Win32
		{486FBA7C-6F66-44C4-A8ED-72612C9B9479}.Release|x64.ActiveCfg = Release|x64
		{486FBA7C-6F66-44C4-A8ED-72612C9B9479}.Release|x64.Build.0 = Release|x64
		{486FBA7C-6F66-44C4-A8ED-72612C9B9479}.Release|x86.ActiveCfg = Release|Win32
		{486FBA7C-6F66-44C4-A8ED-72612C9B9479}.Release|x86.Build.0 = Release|Win32
	EndGlobalSection
	GlobalSection(SolutionProperties) = preSolution
		HideSolutionNode = FALSE
	EndGlobalSection
	GlobalSection(ExtensibilityGlobals) = postSolution
		SolutionGuid = {FA4D0EF9-44B4-4356-873B-FD7BBE6BC8D5}
	EndGlobalSection
EndGlobal
